github.com/go-cinch/common/log v1.0.2 h1:SIuJ8AdfnRCNQ0Ne/el8VQIprz4kRcUH8TXAykmKvy8=
github.com/go-cinch/common/log v1.0.2/go.mod h1:Ab+67afMFZ0MUHgkdlIBotme40Q9UEzrji7t8rjJGJI=
github.com/go-kratos/aegis v0.1.4 h1:rVLXJNohV1d2GUFi7TwPReF23clhaAtAzrz03IP6GMo=
github.com/go-kratos/kratos/v2 v2.6.1 h1:4GSy7I7YGF93c1W83XkWAXNqY7JzNdC3t4l501rl0Xg=
github.com/go-kratos/kratos/v2 v2.6.1/go.mod h1:OT/2NR0jpfxMgdTdIew8of9cGBab0UKaZRadcgTgqS0=
github.com/go-logr/logr v1.2.3 h1:2DntVwHkVopvECVRSlL5PSo9eG+cAkDCuckLubN+rq0=
github.com/go-logr/stdr v1.2.2 h1:hSWxHoqTgW2S2qGc0LTAI563KZ5YKYRhT3MFKZMbjag=
github.com/go-playground/form/v4 v4.2.0 h1:N1wh+Goz61e6w66vo8vJkQt+uwZSoLz50kZPJWR8eic=
github.com/golang/protobuf v1.5.2 h1:ROPKBNFfQgOUMifHyP+KYbvpjbdoFNs+aK7DXlji0Tw=
github.com/google/uuid v1.3.0 h1:t6JiXgmwXMjEs8VusXIJk2BXHsn+wx8BZdTaoZ5fu7I=
github.com/gorilla/mux v1.8.0 h1:i40aqfkR1h2SlN9hojwV5ZA91wcXFOvkdNIeFDP5koI=
github.com/jinzhu/inflection v1.0.0 h1:K317FqzuhWc8YvSVlFMCCUb36O/S9MCKRDI7QkRKD/E=
github.com/jinzhu/inflection v1.0.0/go.mod h1:h+uFLlag+Qp1Va5pdKtLDYj+kHp5pxUVkryuEj+Srlc=
github.com/jinzhu/now v1.1.5 h1:/o9tlHleP7gOFmsnYNz3RGnqzefHA47wQpKrrdTIwXQ=
github.com/jinzhu/now v1.1.5/go.mod h1:d3SSVoowX0Lcu0IBviAWJpolVfI5UJVZZ7cO71lE/z8=
github.com/pkg/errors v0.9.1 h1:FEBLx1zS214owpjy7qsBeixbURkuhQAwrK5UwLGTwt4=
github.com/pkg/errors v0.9.1/go.mod h1:bwawxfHBFNV+L2hUp1rHADufV3IMtnDRdf1r5NINEl0=
go.opentelemetry.io/otel v1.11.2 h1:YBZcQlsVekzFsFbjygXMOXSs6pialIZxcjfO/mBDmR0=
go.opentelemetry.io/otel/trace v1.11.2 h1:Xf7hWSF2Glv0DE3MH7fBHvtpSBsjcBUe5MYAmZM/+y0=
golang.org/x/sync v0.0.0-20220513210516-0976fa681c29 h1:w8s32wxx3sY+OjLlv9qltkLU5yvJzxjjgiHWLjdIcw4=
google.golang.org/genproto v0.0.0-20220519153652-3a47de7e79bd h1:e0TwkXOdbnH/1x5rc5MZ/VYyiZ4v+RdVfrGMqEwT68I=
google.golang.org/grpc v1.46.2 h1:u+MLGgVf7vRdjEYZ8wDFhAVNmhkbJ5hmrA1LMWK1CAQ=
google.golang.org/protobuf v1.28.0 h1:w43yiav+6bVFTBQFZX0r7ipe9JQ1QsbMgHwbBziscLw=
gopkg.in/yaml.v3 v3.0.1 h1:fxVm/GzAzEWqLHuvctI91KS9hhNmmWOoWu0XTYJS7CA=
gorm.io/gorm v1.24.6 h1:wy98aq9oFEetsc4CAbKD2SoBCdMzsbSIvSUUFJuHi5s=
gorm.io/gorm v1.24.6/go.mod h1:L4uxeKpfBml98NYqVqwAdmV1a2nBtAec/cf3fpucW/k=
